
Microsoft Visual Studio Solution File, Format Version 12.00
# Visual Studio Version 16
VisualStudioVersion = 16.0.31321.278
MinimumVisualStudioVersion = 10.0.40219.1
Project("{FAE04EC0-301F-11D3-BF4B-00C04F79EFBC}") = "BtDiemDanh", "BtDiemDanh\BtDiemDanh.csproj", "{BBA74B11-9743-4DE6-AD26-E68BF0AE8AD2}"
EndProject
Global
	GlobalSection(SolutionConfigurationPlatforms) = preSolution
		Debug|Any CPU = Debug|Any CPU
		Release|Any CPU = Release|Any CPU
	EndGlobalSection
	GlobalSection(ProjectConfigurationPlatforms) = postSolution
		{BBA74B11-9743-4DE6-AD26-E68BF0AE8AD2}.Debug|Any CPU.ActiveCfg = Debug|Any CPU
		{BBA74B11-9743-4DE6-AD26-E68BF0AE8AD2}.Debug|Any CPU.Build.0 = Debug|Any CPU
		{BBA74B11-9743-4DE6-AD26-E68BF0AE8AD2}.Release|Any CPU.ActiveCfg = Release|Any CPU
		{BBA74B11-9743-4DE6-AD26-E68BF0AE8AD2}.Release|Any CPU.Build.0 = Release|Any CPU
	EndGlobalSection
	GlobalSection(SolutionProperties) = preSolution
		HideSolutionNode = FALSE
	EndGlobalSection
	GlobalSection(ExtensibilityGlobals) = postSolution
		SolutionGuid = {E58F5D8A-4419-47CA-B046-2680AA2CA7CF}
	EndGlobalSection
EndGlobal
